<?xml version="1.0" encoding="utf-8"?>
<Project ToolsVersion="4.0" xmlns="http://schemas.microsoft.com/developer/msbuild/2003">
  <ItemGroup>
    <Filter Include="Source Files">
      <UniqueIdentifier>{4FC737F1-C7A5-4376-A066-2A32D752A2FF}</UniqueIdentifier>
      <Extensions>cpp;c;cc;cxx;def;odl;idl;hpj;bat;asm;asmx</Extensions>
    </Filter>
    <Filter Include="Header Files">
      <UniqueIdentifier>{93995380-89BD-4b04-88EB-625FBE52EBFB}</UniqueIdentifier>
      <Extensions>h;hpp;hxx;hm;inl;inc;xsd</Extensions>
    </Filter>
    <Filter Include="Resource Files">
      <UniqueIdentifier>{67DA6AB6-F800-4c08-8B7A-83BB121AAD01}</UniqueIdentifier>
      <Extensions>rc;ico;cur;bmp;dlg;rc2;rct;bin;rgs;gif;jpg;jpeg;jpe;resx;tiff;tif;png;wav;mfcribbon-ms</Extensions>
    </Filter>
    <Filter Include="Source Files\tinyxml">
      <UniqueIdentifier>{84c6130b-5609-4906-940a-0c1281c6d608}</UniqueIdentifier>
    </Filter>
    <Filter Include="Header Files\tinyxml">
      <UniqueIdentifier>{713ff4b8-a9df-4f6f-92bd-b10a2dc264a4}</UniqueIdentifier>
    </Filter>
    <Filter Include="Source Files\TmxParser">
      <UniqueIdentifier>{634f19cc-e40d-437e-af86-e0dc743e1189}</UniqueIdentifier>
    </Filter>
    <Filter Include="Header Files\TmxParser">
      <UniqueIdentifier>{088f5fd3-3d41-4e12-b181-fe0d72c9962e}</UniqueIdentifier>
    </Filter>
  </ItemGroup>
  <ItemGroup>
    <ClCompile Include="..\src\Animated.cpp">
      <Filter>Source Files</Filter>
    </ClCompile>
    <ClCompile Include="..\src\BVisual.cpp">
      <Filter>Source Files</Filter>
    </ClCompile>
    <ClCompile Include="..\src\Component.cpp">
      <Filter>Source Files</Filter>
    </ClCompile>
    <ClCompile Include="..\src\Entity.cpp">
      <Filter>Source Files</Filter>
    </ClCompile>
    <ClCompile Include="..\src\EntityManager.cpp">
      <Filter>Source Files</Filter>
    </ClCompile>
    <ClCompile Include="..\src\Input.cpp">
      <Filter>Source Files</Filter>
    </ClCompile>
    <ClCompile Include="..\src\Inputs.cpp">
      <Filter>Source Files</Filter>
    </ClCompile>
    <ClCompile Include="..\src\Loader.cpp">
      <Filter>Source Files</Filter>
    </ClCompile>
    <ClCompile Include="..\src\Mobile.cpp">
      <Filter>Source Files</Filter>
    </ClCompile>
    <ClCompile Include="..\src\Render.cpp">
      <Filter>Source Files</Filter>
    </ClCompile>
    <ClCompile Include="..\src\Resources.cpp">
      <Filter>Source Files</Filter>
    </ClCompile>
    <ClCompile Include="..\src\Scriptable.cpp">
      <Filter>Source Files</Filter>
    </ClCompile>
    <ClCompile Include="..\src\Scripting.cpp">
      <Filter>Source Files</Filter>
    </ClCompile>
    <ClCompile Include="..\src\System.cpp">
      <Filter>Source Files</Filter>
    </ClCompile>
    <ClCompile Include="..\src\Transform.cpp">
      <Filter>Source Files</Filter>
    </ClCompile>
    <ClCompile Include="..\src\ComponentRegistry.cpp">
      <Filter>Source Files</Filter>
    </ClCompile>
    <ClCompile Include="..\src\PythonTypes.cpp">
      <Filter>Source Files</Filter>
    </ClCompile>
    <ClCompile Include="..\src\Animation.cpp">
      <Filter>Source Files</Filter>
    </ClCompile>
    <ClCompile Include="..\src\tinyxml\tinystr.cpp">
      <Filter>Source Files\tinyxml</Filter>
    </ClCompile>
    <ClCompile Include="..\src\tinyxml\tinyxml.cpp">
      <Filter>Source Files\tinyxml</Filter>
    </ClCompile>
    <ClCompile Include="..\src\tinyxml\tinyxmlerror.cpp">
      <Filter>Source Files\tinyxml</Filter>
    </ClCompile>
    <ClCompile Include="..\src\tinyxml\tinyxmlparser.cpp">
      <Filter>Source Files\tinyxml</Filter>
    </ClCompile>
    <ClCompile Include="..\src\TmxParser\base64.cpp">
      <Filter>Source Files\TmxParser</Filter>
    </ClCompile>
    <ClCompile Include="..\src\TmxParser\TmxImage.cpp">
      <Filter>Source Files\TmxParser</Filter>
    </ClCompile>
    <ClCompile Include="..\src\TmxParser\TmxLayer.cpp">
      <Filter>Source Files\TmxParser</Filter>
    </ClCompile>
    <ClCompile Include="..\src\TmxParser\TmxMap.cpp">
      <Filter>Source Files\TmxParser</Filter>
    </ClCompile>
    <ClCompile Include="..\src\TmxParser\TmxObject.cpp">
      <Filter>Source Files\TmxParser</Filter>
    </ClCompile>
    <ClCompile Include="..\src\TmxParser\TmxObjectGroup.cpp">
      <Filter>Source Files\TmxParser</Filter>
    </ClCompile>
    <ClCompile Include="..\src\TmxParser\TmxPolygon.cpp">
      <Filter>Source Files\TmxParser</Filter>
    </ClCompile>
    <ClCompile Include="..\src\TmxParser\TmxPolyline.cpp">
      <Filter>Source Files\TmxParser</Filter>
    </ClCompile>
    <ClCompile Include="..\src\TmxParser\TmxPropertySet.cpp">
      <Filter>Source Files\TmxParser</Filter>
    </ClCompile>
    <ClCompile Include="..\src\TmxParser\TmxTile.cpp">
      <Filter>Source Files\TmxParser</Filter>
    </ClCompile>
    <ClCompile Include="..\src\TmxParser\TmxTileset.cpp">
      <Filter>Source Files\TmxParser</Filter>
    </ClCompile>
    <ClCompile Include="..\src\TmxParser\TmxUtil.cpp">
      <Filter>Source Files\TmxParser</Filter>
    </ClCompile>
    <ClCompile Include="..\src\FightSystem.cpp">
      <Filter>Source Files</Filter>
    </ClCompile>
    <ClCompile Include="..\src\log.cpp">
      <Filter>Source Files</Filter>
    </ClCompile>
    <ClCompile Include="..\src\Stats.cpp">
      <Filter>Source Files</Filter>
    </ClCompile>
    <ClCompile Include="..\src\TagEntityManager.cpp">
      <Filter>Source Files</Filter>
    </ClCompile>
    <ClCompile Include="..\src\WrappedEntity.cpp">
      <Filter>Source Files</Filter>
    </ClCompile>
    <ClCompile Include="..\src\Utils.cpp">
      <Filter>Source Files</Filter>
    </ClCompile>
    <ClCompile Include="..\src\Camera.cpp">
      <Filter>Source Files</Filter>
    </ClCompile>
    <ClCompile Include="..\src\Movement.cpp">
      <Filter>Source Files</Filter>
    </ClCompile>
    <ClCompile Include="..\src\EntityBuilder.cpp">
      <Filter>Source Files</Filter>
    </ClCompile>
    <ClCompile Include="..\src\PythonComponents.cpp">
      <Filter>Source Files</Filter>
    </ClCompile>
    <ClCompile Include="..\src\Controller.cpp">
      <Filter>Source Files</Filter>
    </ClCompile>
    <ClCompile Include="..\src\HeroController.cpp">
      <Filter>Source Files</Filter>
    </ClCompile>
    <ClCompile Include="..\src\SystemManager.cpp">
      <Filter>Source Files</Filter>
    </ClCompile>
    <ClCompile Include="..\src\ButtonController.cpp">
      <Filter>Source Files</Filter>
    </ClCompile>
    <ClCompile Include="..\src\SystemFactory.cpp">
      <Filter>Source Files</Filter>
    </ClCompile>
    <ClCompile Include="..\src\Audio.cpp">
      <Filter>Source Files</Filter>
    </ClCompile>
    <ClCompile Include="..\src\Sounds.cpp">
      <Filter>Source Files</Filter>
    </ClCompile>
    <ClCompile Include="..\src\SystemRegistry.cpp">
      <Filter>Source Files</Filter>
    </ClCompile>
    <ClCompile Include="..\src\Collider.cpp">
      <Filter>Source Files</Filter>
    </ClCompile>
    <ClCompile Include="..\src\FightController.cpp">
      <Filter>Source Files</Filter>
    </ClCompile>
    <ClCompile Include="..\src\InputState.cpp">
      <Filter>Source Files</Filter>
    </ClCompile>
    <ClCompile Include="..\src\VisualText.cpp">
      <Filter>Source Files</Filter>
    </ClCompile>
    <ClCompile Include="..\src\HandleTransition.cpp">
      <Filter>Source Files</Filter>
    </ClCompile>
    <ClCompile Include="..\src\FightGUI.cpp">
      <Filter>Source Files</Filter>
    </ClCompile>
    <ClCompile Include="..\src\Main.cpp">
      <Filter>Source Files</Filter>
    </ClCompile>
    <ClCompile Include="..\src\Notification.cpp">
      <Filter>Source Files</Filter>
    </ClCompile>
  </ItemGroup>
  <ItemGroup>
    <ClInclude Include="..\src\Animated.h">
      <Filter>Header Files</Filter>
    </ClInclude>
    <ClInclude Include="..\src\BVisual.h">
      <Filter>Header Files</Filter>
    </ClInclude>
    <ClInclude Include="..\src\Component.h">
      <Filter>Header Files</Filter>
    </ClInclude>
    <ClInclude Include="..\src\ComponentRegistry.h">
      <Filter>Header Files</Filter>
    </ClInclude>
    <ClInclude Include="..\src\Entity.h">
      <Filter>Header Files</Filter>
    </ClInclude>
    <ClInclude Include="..\src\EntityManager.h">
      <Filter>Header Files</Filter>
    </ClInclude>
    <ClInclude Include="..\src\Image.h">
      <Filter>Header Files</Filter>
    </ClInclude>
    <ClInclude Include="..\src\Input.h">
      <Filter>Header Files</Filter>
    </ClInclude>
    <ClInclude Include="..\src\Inputs.h">
      <Filter>Header Files</Filter>
    </ClInclude>
    <ClInclude Include="..\src\Loader.h">
      <Filter>Header Files</Filter>
    </ClInclude>
    <ClInclude Include="..\src\Mobile.h">
      <Filter>Header Files</Filter>
    </ClInclude>
    <ClInclude Include="..\src\Render.h">
      <Filter>Header Files</Filter>
    </ClInclude>
    <ClInclude Include="..\src\Resources.h">
      <Filter>Header Files</Filter>
    </ClInclude>
    <ClInclude Include="..\src\Scriptable.h">
      <Filter>Header Files</Filter>
    </ClInclude>
    <ClInclude Include="..\src\Scripting.h">
      <Filter>Header Files</Filter>
    </ClInclude>
    <ClInclude Include="..\src\System.h">
      <Filter>Header Files</Filter>
    </ClInclude>
    <ClInclude Include="..\src\Transform.h">
      <Filter>Header Files</Filter>
    </ClInclude>
    <ClInclude Include="..\src\VisualContext.h">
      <Filter>Header Files</Filter>
    </ClInclude>
    <ClInclude Include="..\src\PythonTypes.h">
      <Filter>Header Files</Filter>
    </ClInclude>
    <ClInclude Include="..\src\Animation.h">
      <Filter>Header Files</Filter>
    </ClInclude>
    <ClInclude Include="..\src\tinyxml\tinystr.h">
      <Filter>Header Files\tinyxml</Filter>
    </ClInclude>
    <ClInclude Include="..\src\tinyxml\tinyxml.h">
      <Filter>Header Files\tinyxml</Filter>
    </ClInclude>
    <ClInclude Include="..\src\TmxParser\base64.h">
      <Filter>Header Files\TmxParser</Filter>
    </ClInclude>
    <ClInclude Include="..\src\TmxParser\Tmx.h">
      <Filter>Header Files\TmxParser</Filter>
    </ClInclude>
    <ClInclude Include="..\src\TmxParser\TmxImage.h">
      <Filter>Header Files\TmxParser</Filter>
    </ClInclude>
    <ClInclude Include="..\src\TmxParser\TmxLayer.h">
      <Filter>Header Files\TmxParser</Filter>
    </ClInclude>
    <ClInclude Include="..\src\TmxParser\TmxMap.h">
      <Filter>Header Files\TmxParser</Filter>
    </ClInclude>
    <ClInclude Include="..\src\TmxParser\TmxMapTile.h">
      <Filter>Header Files\TmxParser</Filter>
    </ClInclude>
    <ClInclude Include="..\src\TmxParser\TmxObject.h">
      <Filter>Header Files\TmxParser</Filter>
    </ClInclude>
    <ClInclude Include="..\src\TmxParser\TmxObjectGroup.h">
      <Filter>Header Files\TmxParser</Filter>
    </ClInclude>
    <ClInclude Include="..\src\TmxParser\TmxPoint.h">
      <Filter>Header Files\TmxParser</Filter>
    </ClInclude>
    <ClInclude Include="..\src\TmxParser\TmxPolygon.h">
      <Filter>Header Files\TmxParser</Filter>
    </ClInclude>
    <ClInclude Include="..\src\TmxParser\TmxPolyline.h">
      <Filter>Header Files\TmxParser</Filter>
    </ClInclude>
    <ClInclude Include="..\src\TmxParser\TmxPropertySet.h">
      <Filter>Header Files\TmxParser</Filter>
    </ClInclude>
    <ClInclude Include="..\src\TmxParser\TmxTile.h">
      <Filter>Header Files\TmxParser</Filter>
    </ClInclude>
    <ClInclude Include="..\src\TmxParser\TmxTileset.h">
      <Filter>Header Files\TmxParser</Filter>
    </ClInclude>
    <ClInclude Include="..\src\TmxParser\TmxUtil.h">
      <Filter>Header Files\TmxParser</Filter>
    </ClInclude>
    <ClInclude Include="..\src\WrappedEntity.h">
      <Filter>Header Files</Filter>
    </ClInclude>
    <ClInclude Include="..\src\variant.h">
      <Filter>Header Files</Filter>
    </ClInclude>
    <ClInclude Include="..\src\TagEntityManager.h">
      <Filter>Header Files</Filter>
    </ClInclude>
    <ClInclude Include="..\src\Stats.h">
      <Filter>Header Files</Filter>
    </ClInclude>
    <ClInclude Include="..\src\Singleton.h">
      <Filter>Header Files</Filter>
    </ClInclude>
    <ClInclude Include="..\src\log.h">
      <Filter>Header Files</Filter>
    </ClInclude>
    <ClInclude Include="..\src\FightSystem.h">
      <Filter>Header Files</Filter>
    </ClInclude>
    <ClInclude Include="..\src\Utils.h">
      <Filter>Header Files</Filter>
    </ClInclude>
    <ClInclude Include="..\src\Camera.h">
      <Filter>Header Files</Filter>
    </ClInclude>
    <ClInclude Include="..\src\Movement.h">
      <Filter>Header Files</Filter>
    </ClInclude>
    <ClInclude Include="..\src\PythonComponents.h">
      <Filter>Header Files</Filter>
    </ClInclude>
    <ClInclude Include="..\src\EntityBuilder.h">
      <Filter>Header Files</Filter>
    </ClInclude>
    <ClInclude Include="..\src\SystemManager.h">
      <Filter>Header Files</Filter>
    </ClInclude>
    <ClInclude Include="..\src\InputState.h">
      <Filter>Header Files</Filter>
    </ClInclude>
    <ClInclude Include="..\src\HeroController.h">
      <Filter>Header Files</Filter>
    </ClInclude>
    <ClInclude Include="..\src\Controller.h">
      <Filter>Header Files</Filter>
    </ClInclude>
    <ClInclude Include="..\src\Main.h">
      <Filter>Header Files</Filter>
    </ClInclude>
    <ClInclude Include="..\src\SystemFactory.h">
      <Filter>Header Files</Filter>
    </ClInclude>
    <ClInclude Include="..\src\ButtonController.h">
      <Filter>Header Files</Filter>
    </ClInclude>
    <ClInclude Include="..\src\SystemRegistry.h">
      <Filter>Header Files</Filter>
    </ClInclude>
    <ClInclude Include="..\src\Sounds.h">
      <Filter>Header Files</Filter>
    </ClInclude>
    <ClInclude Include="..\src\Audio.h">
      <Filter>Header Files</Filter>
    </ClInclude>
    <ClInclude Include="..\src\Collider.h">
      <Filter>Header Files</Filter>
    </ClInclude>
    <ClInclude Include="..\src\Types.h">
      <Filter>Header Files</Filter>
    </ClInclude>
    <ClInclude Include="..\src\VisualText.h">
      <Filter>Header Files</Filter>
    </ClInclude>
    <ClInclude Include="..\src\FightController.h">
      <Filter>Header Files</Filter>
    </ClInclude>
    <ClInclude Include="..\src\HandleTransition.h">
      <Filter>Header Files</Filter>
    </ClInclude>
    <ClInclude Include="..\src\FightGUI.h">
      <Filter>Header Files</Filter>
    </ClInclude>
    <ClInclude Include="..\src\Notification.h">
      <Filter>Header Files</Filter>
    </ClInclude>
  </ItemGroup>
</Project>