// !$*UTF8*$!
{
	archiveVersion = 1;
	classes = {
	};
	objectVersion = 42;
	objects = {

/* Begin PBXBuildFile section */
		5A00359C158FCF5800B483F8 /* SFMLInputs.cpp in Sources */ = {isa = PBXBuildFile; fileRef = 5A00358F158FCF5800B483F8 /* SFMLInputs.cpp */; };
		5A00359D158FCF5800B483F8 /* SFMLLoader.cpp in Sources */ = {isa = PBXBuildFile; fileRef = 5A003591158FCF5800B483F8 /* SFMLLoader.cpp */; };
		5A00359E158FCF5800B483F8 /* SFMLRender.cpp in Sources */ = {isa = PBXBuildFile; fileRef = 5A003593158FCF5800B483F8 /* SFMLRender.cpp */; };
		5A0035A1158FCF5800B483F8 /* SFMLVisualImage.cpp in Sources */ = {isa = PBXBuildFile; fileRef = 5A003599158FCF5800B483F8 /* SFMLVisualImage.cpp */; };
		5A0035BD158FCF6D00B483F8 /* Animated.cpp in Sources */ = {isa = PBXBuildFile; fileRef = 5A0035A3158FCF6D00B483F8 /* Animated.cpp */; };
		5A0035BE158FCF6D00B483F8 /* Component.cpp in Sources */ = {isa = PBXBuildFile; fileRef = 5A0035A5158FCF6D00B483F8 /* Component.cpp */; };
		5A0035BF158FCF6D00B483F8 /* Entity.cpp in Sources */ = {isa = PBXBuildFile; fileRef = 5A0035A8158FCF6D00B483F8 /* Entity.cpp */; };
		5A0035C0158FCF6D00B483F8 /* EntityManager.cpp in Sources */ = {isa = PBXBuildFile; fileRef = 5A0035AA158FCF6D00B483F8 /* EntityManager.cpp */; };
		5A0035C1158FCF6D00B483F8 /* Input.cpp in Sources */ = {isa = PBXBuildFile; fileRef = 5A0035AD158FCF6D00B483F8 /* Input.cpp */; };
		5A0035C2158FCF6D00B483F8 /* Loader.cpp in Sources */ = {isa = PBXBuildFile; fileRef = 5A0035AF158FCF6D00B483F8 /* Loader.cpp */; };
		5A0035C3158FCF6D00B483F8 /* Mobile.cpp in Sources */ = {isa = PBXBuildFile; fileRef = 5A0035B1158FCF6D00B483F8 /* Mobile.cpp */; };
		5A0035C4158FCF6D00B483F8 /* Render.cpp in Sources */ = {isa = PBXBuildFile; fileRef = 5A0035B3158FCF6D00B483F8 /* Render.cpp */; };
		5A0035C6158FCF6D00B483F8 /* System.cpp in Sources */ = {isa = PBXBuildFile; fileRef = 5A0035B7158FCF6D00B483F8 /* System.cpp */; };
		5A0035C7158FCF6D00B483F8 /* Transform.cpp in Sources */ = {isa = PBXBuildFile; fileRef = 5A0035B9158FCF6D00B483F8 /* Transform.cpp */; };
		5A0035EB158FD2A300B483F8 /* smain.cpp in Sources */ = {isa = PBXBuildFile; fileRef = 5A0035EA158FD2A300B483F8 /* smain.cpp */; };
		5A00361B158FE10900B483F8 /* SFMLVisualText.cpp in Sources */ = {isa = PBXBuildFile; fileRef = 5A003619158FE10900B483F8 /* SFMLVisualText.cpp */; };
		5A0585001593D357003C67F6 /* FightSystem.cpp in Sources */ = {isa = PBXBuildFile; fileRef = 5A0584FE1593D357003C67F6 /* FightSystem.cpp */; };
		5A0E1134159B72C700B253AB /* Animation.cpp in Sources */ = {isa = PBXBuildFile; fileRef = 5A0E1131159B72C700B253AB /* Animation.cpp */; };
		5A0E1135159B72C700B253AB /* ComponentRegistry.cpp in Sources */ = {isa = PBXBuildFile; fileRef = 5A0E1133159B72C700B253AB /* ComponentRegistry.cpp */; };
		5A0E1312159BA1A100B253AB /* Stats.cpp in Sources */ = {isa = PBXBuildFile; fileRef = 5A0E1311159BA1A100B253AB /* Stats.cpp */; };
		5A0E14BA159BC3A900B253AB /* log.cpp in Sources */ = {isa = PBXBuildFile; fileRef = 5A0E14B8159BC3A900B253AB /* log.cpp */; };
		5A0E14BD159BC3B800B253AB /* WrappedEntity.cpp in Sources */ = {isa = PBXBuildFile; fileRef = 5A0E14BB159BC3B800B253AB /* WrappedEntity.cpp */; };
		5A13928A15A056C3009F373F /* Camera.cpp in Sources */ = {isa = PBXBuildFile; fileRef = 5A13928215A056C3009F373F /* Camera.cpp */; };
		5A13928B15A056C3009F373F /* Movement.cpp in Sources */ = {isa = PBXBuildFile; fileRef = 5A13928415A056C3009F373F /* Movement.cpp */; };
		5A13928C15A056C3009F373F /* PythonComponents.cpp in Sources */ = {isa = PBXBuildFile; fileRef = 5A13928615A056C3009F373F /* PythonComponents.cpp */; };
		5A13928D15A056C3009F373F /* Utils.cpp in Sources */ = {isa = PBXBuildFile; fileRef = 5A13928815A056C3009F373F /* Utils.cpp */; };
		5A1394F215A0B3F2009F373F /* SystemManager.cpp in Sources */ = {isa = PBXBuildFile; fileRef = 5A1394F115A0B3F2009F373F /* SystemManager.cpp */; };
		5A22FC4315938DA100745D05 /* Python.framework in Frameworks */ = {isa = PBXBuildFile; fileRef = 5A22FC4215938DA100745D05 /* Python.framework */; };
		5A22FC551593902600745D05 /* tinystr.cpp in Sources */ = {isa = PBXBuildFile; fileRef = 5A22FC4F1593902600745D05 /* tinystr.cpp */; };
		5A22FC561593902600745D05 /* tinyxml.cpp in Sources */ = {isa = PBXBuildFile; fileRef = 5A22FC511593902600745D05 /* tinyxml.cpp */; };
		5A22FC571593902600745D05 /* tinyxmlerror.cpp in Sources */ = {isa = PBXBuildFile; fileRef = 5A22FC531593902600745D05 /* tinyxmlerror.cpp */; };
		5A22FC581593902600745D05 /* tinyxmlparser.cpp in Sources */ = {isa = PBXBuildFile; fileRef = 5A22FC541593902600745D05 /* tinyxmlparser.cpp */; };
		5A22FC781593BA5F00745D05 /* base64.cpp in Sources */ = {isa = PBXBuildFile; fileRef = 5A22FC5C1593BA5F00745D05 /* base64.cpp */; };
		5A22FC791593BA5F00745D05 /* TmxImage.cpp in Sources */ = {isa = PBXBuildFile; fileRef = 5A22FC5F1593BA5F00745D05 /* TmxImage.cpp */; };
		5A22FC7A1593BA5F00745D05 /* TmxLayer.cpp in Sources */ = {isa = PBXBuildFile; fileRef = 5A22FC611593BA5F00745D05 /* TmxLayer.cpp */; };
		5A22FC7B1593BA5F00745D05 /* TmxMap.cpp in Sources */ = {isa = PBXBuildFile; fileRef = 5A22FC631593BA5F00745D05 /* TmxMap.cpp */; };
		5A22FC7C1593BA5F00745D05 /* TmxObject.cpp in Sources */ = {isa = PBXBuildFile; fileRef = 5A22FC661593BA5F00745D05 /* TmxObject.cpp */; };
		5A22FC7D1593BA5F00745D05 /* TmxObjectGroup.cpp in Sources */ = {isa = PBXBuildFile; fileRef = 5A22FC681593BA5F00745D05 /* TmxObjectGroup.cpp */; };
		5A22FC7F1593BA5F00745D05 /* TmxPolygon.cpp in Sources */ = {isa = PBXBuildFile; fileRef = 5A22FC6C1593BA5F00745D05 /* TmxPolygon.cpp */; };
		5A22FC801593BA5F00745D05 /* TmxPolyline.cpp in Sources */ = {isa = PBXBuildFile; fileRef = 5A22FC6E1593BA5F00745D05 /* TmxPolyline.cpp */; };
		5A22FC811593BA5F00745D05 /* TmxPropertySet.cpp in Sources */ = {isa = PBXBuildFile; fileRef = 5A22FC701593BA5F00745D05 /* TmxPropertySet.cpp */; };
		5A22FC821593BA5F00745D05 /* TmxTile.cpp in Sources */ = {isa = PBXBuildFile; fileRef = 5A22FC721593BA5F00745D05 /* TmxTile.cpp */; };
		5A22FC831593BA5F00745D05 /* TmxTileset.cpp in Sources */ = {isa = PBXBuildFile; fileRef = 5A22FC741593BA5F00745D05 /* TmxTileset.cpp */; };
		5A22FC841593BA5F00745D05 /* TmxUtil.cpp in Sources */ = {isa = PBXBuildFile; fileRef = 5A22FC761593BA5F00745D05 /* TmxUtil.cpp */; };
		5A22FCA21593CD9000745D05 /* PythonTypes.cpp in Sources */ = {isa = PBXBuildFile; fileRef = 5A22FCA01593CD9000745D05 /* PythonTypes.cpp */; };
		5A255475159CF3DC0032BBF8 /* TagEntityManager.cpp in Sources */ = {isa = PBXBuildFile; fileRef = 5A255473159CF3DC0032BBF8 /* TagEntityManager.cpp */; };
		5A2554C5159CFD8B0032BBF8 /* EntityBuilder.cpp in Sources */ = {isa = PBXBuildFile; fileRef = 5A2554C4159CFD8B0032BBF8 /* EntityBuilder.cpp */; };
		5A89202C1592817A0088CDE0 /* Scriptable.cpp in Sources */ = {isa = PBXBuildFile; fileRef = 5A8920281592817A0088CDE0 /* Scriptable.cpp */; };
		5A89202D1592817A0088CDE0 /* Scripting.cpp in Sources */ = {isa = PBXBuildFile; fileRef = 5A89202A1592817A0088CDE0 /* Scripting.cpp */; };
		5ADCACF11592692300E29849 /* SFMLResources.cpp in Sources */ = {isa = PBXBuildFile; fileRef = 5ADCACEC1592692300E29849 /* SFMLResources.cpp */; };
		5ADCACF21592692300E29849 /* SFMLVisualSprite.cpp in Sources */ = {isa = PBXBuildFile; fileRef = 5ADCACEF1592692300E29849 /* SFMLVisualSprite.cpp */; };
		5ADCACFA1592693A00E29849 /* BVisual.cpp in Sources */ = {isa = PBXBuildFile; fileRef = 5ADCACF31592693A00E29849 /* BVisual.cpp */; };
		5ADCACFB1592693A00E29849 /* Inputs.cpp in Sources */ = {isa = PBXBuildFile; fileRef = 5ADCACF51592693A00E29849 /* Inputs.cpp */; };
		5ADCACFC1592693A00E29849 /* Resources.cpp in Sources */ = {isa = PBXBuildFile; fileRef = 5ADCACF71592693A00E29849 /* Resources.cpp */; };
		5AEA4BDA15A236F100658BF8 /* Controller.cpp in Sources */ = {isa = PBXBuildFile; fileRef = 5AEA4BD615A236F100658BF8 /* Controller.cpp */; };
		5AEA4BDB15A236F100658BF8 /* HeroController.cpp in Sources */ = {isa = PBXBuildFile; fileRef = 5AEA4BD815A236F100658BF8 /* HeroController.cpp */; };
		5AEA4BDE15A2372A00658BF8 /* SFMLInputState.cpp in Sources */ = {isa = PBXBuildFile; fileRef = 5AEA4BDC15A2372A00658BF8 /* SFMLInputState.cpp */; };
		5AEA4C1015A2467800658BF8 /* SFMLSystemFactory.cpp in Sources */ = {isa = PBXBuildFile; fileRef = 5AEA4C0F15A2467800658BF8 /* SFMLSystemFactory.cpp */; };
		5AEA4C3B15A2582D00658BF8 /* SystemFactory.cpp in Sources */ = {isa = PBXBuildFile; fileRef = 5AEA4C3A15A2582D00658BF8 /* SystemFactory.cpp */; };
		A0072ADE0F1D0EC500B4A594 /* sfml-system.framework in Copy Frameworks */ = {isa = PBXBuildFile; fileRef = A01FB6CB0F07CFF2000AAC7B /* sfml-system.framework */; };
		A0072ADF0F1D0EC500B4A594 /* sfml-window.framework in Copy Frameworks */ = {isa = PBXBuildFile; fileRef = A01FB6CC0F07CFF2000AAC7B /* sfml-window.framework */; };
		A0072AE00F1D0EC500B4A594 /* sfml-graphics.framework in Copy Frameworks */ = {isa = PBXBuildFile; fileRef = A01FB6CA0F07CFF2000AAC7B /* sfml-graphics.framework */; };
		A01FB6CE0F07CFF2000AAC7B /* sfml-graphics.framework in Frameworks */ = {isa = PBXBuildFile; fileRef = A01FB6CA0F07CFF2000AAC7B /* sfml-graphics.framework */; };
		A01FB6CF0F07CFF2000AAC7B /* sfml-system.framework in Frameworks */ = {isa = PBXBuildFile; fileRef = A01FB6CB0F07CFF2000AAC7B /* sfml-system.framework */; };
		A01FB6D00F07CFF2000AAC7B /* sfml-window.framework in Frameworks */ = {isa = PBXBuildFile; fileRef = A01FB6CC0F07CFF2000AAC7B /* sfml-window.framework */; };
/* End PBXBuildFile section */

/* Begin PBXCopyFilesBuildPhase section */
		A0072AF00F1D0EDD00B4A594 /* Copy Frameworks */ = {
			isa = PBXCopyFilesBuildPhase;
			buildActionMask = 2147483647;
			dstPath = "";
			dstSubfolderSpec = 10;
			files = (
				A0072ADE0F1D0EC500B4A594 /* sfml-system.framework in Copy Frameworks */,
				A0072ADF0F1D0EC500B4A594 /* sfml-window.framework in Copy Frameworks */,
				A0072AE00F1D0EC500B4A594 /* sfml-graphics.framework in Copy Frameworks */,
			);
			name = "Copy Frameworks";
			runOnlyForDeploymentPostprocessing = 0;
		};
/* End PBXCopyFilesBuildPhase section */

/* Begin PBXFileReference section */
		5A00358F158FCF5800B483F8 /* SFMLInputs.cpp */ = {isa = PBXFileReference; fileEncoding = 4; lastKnownFileType = sourcecode.cpp.cpp; name = SFMLInputs.cpp; path = src/SFML/SFMLInputs.cpp; sourceTree = "<group>"; };
		5A003590158FCF5800B483F8 /* SFMLInputs.h */ = {isa = PBXFileReference; fileEncoding = 4; lastKnownFileType = sourcecode.c.h; name = SFMLInputs.h; path = src/SFML/SFMLInputs.h; sourceTree = "<group>"; };
		5A003591158FCF5800B483F8 /* SFMLLoader.cpp */ = {isa = PBXFileReference; fileEncoding = 4; lastKnownFileType = sourcecode.cpp.cpp; name = SFMLLoader.cpp; path = src/SFML/SFMLLoader.cpp; sourceTree = "<group>"; };
		5A003592158FCF5800B483F8 /* SFMLLoader.h */ = {isa = PBXFileReference; fileEncoding = 4; lastKnownFileType = sourcecode.c.h; name = SFMLLoader.h; path = src/SFML/SFMLLoader.h; sourceTree = "<group>"; };
		5A003593158FCF5800B483F8 /* SFMLRender.cpp */ = {isa = PBXFileReference; fileEncoding = 4; lastKnownFileType = sourcecode.cpp.cpp; name = SFMLRender.cpp; path = src/SFML/SFMLRender.cpp; sourceTree = "<group>"; };
		5A003594158FCF5800B483F8 /* SFMLRender.h */ = {isa = PBXFileReference; fileEncoding = 4; lastKnownFileType = sourcecode.c.h; name = SFMLRender.h; path = src/SFML/SFMLRender.h; sourceTree = "<group>"; };
		5A003599158FCF5800B483F8 /* SFMLVisualImage.cpp */ = {isa = PBXFileReference; fileEncoding = 4; lastKnownFileType = sourcecode.cpp.cpp; name = SFMLVisualImage.cpp; path = src/SFML/SFMLVisualImage.cpp; sourceTree = "<group>"; };
		5A00359A158FCF5800B483F8 /* SFMLVisualImage.h */ = {isa = PBXFileReference; fileEncoding = 4; lastKnownFileType = sourcecode.c.h; name = SFMLVisualImage.h; path = src/SFML/SFMLVisualImage.h; sourceTree = "<group>"; };
		5A0035A3158FCF6D00B483F8 /* Animated.cpp */ = {isa = PBXFileReference; fileEncoding = 4; lastKnownFileType = sourcecode.cpp.cpp; name = Animated.cpp; path = src/Animated.cpp; sourceTree = "<group>"; };
		5A0035A4158FCF6D00B483F8 /* Animated.h */ = {isa = PBXFileReference; fileEncoding = 4; lastKnownFileType = sourcecode.c.h; name = Animated.h; path = src/Animated.h; sourceTree = "<group>"; };
		5A0035A5158FCF6D00B483F8 /* Component.cpp */ = {isa = PBXFileReference; fileEncoding = 4; lastKnownFileType = sourcecode.cpp.cpp; name = Component.cpp; path = src/Component.cpp; sourceTree = "<group>"; };
		5A0035A6158FCF6D00B483F8 /* Component.h */ = {isa = PBXFileReference; fileEncoding = 4; lastKnownFileType = sourcecode.c.h; name = Component.h; path = src/Component.h; sourceTree = "<group>"; };
		5A0035A7158FCF6D00B483F8 /* ComponentRegistry.h */ = {isa = PBXFileReference; fileEncoding = 4; lastKnownFileType = sourcecode.c.h; name = ComponentRegistry.h; path = src/ComponentRegistry.h; sourceTree = "<group>"; };
		5A0035A8158FCF6D00B483F8 /* Entity.cpp */ = {isa = PBXFileReference; fileEncoding = 4; lastKnownFileType = sourcecode.cpp.cpp; name = Entity.cpp; path = src/Entity.cpp; sourceTree = "<group>"; };
		5A0035A9158FCF6D00B483F8 /* Entity.h */ = {isa = PBXFileReference; fileEncoding = 4; lastKnownFileType = sourcecode.c.h; name = Entity.h; path = src/Entity.h; sourceTree = "<group>"; };
		5A0035AA158FCF6D00B483F8 /* EntityManager.cpp */ = {isa = PBXFileReference; fileEncoding = 4; lastKnownFileType = sourcecode.cpp.cpp; name = EntityManager.cpp; path = src/EntityManager.cpp; sourceTree = "<group>"; };
		5A0035AB158FCF6D00B483F8 /* EntityManager.h */ = {isa = PBXFileReference; fileEncoding = 4; lastKnownFileType = sourcecode.c.h; name = EntityManager.h; path = src/EntityManager.h; sourceTree = "<group>"; };
		5A0035AC158FCF6D00B483F8 /* Image.h */ = {isa = PBXFileReference; fileEncoding = 4; lastKnownFileType = sourcecode.c.h; name = Image.h; path = src/Image.h; sourceTree = "<group>"; };
		5A0035AD158FCF6D00B483F8 /* Input.cpp */ = {isa = PBXFileReference; fileEncoding = 4; lastKnownFileType = sourcecode.cpp.cpp; name = Input.cpp; path = src/Input.cpp; sourceTree = "<group>"; };
		5A0035AE158FCF6D00B483F8 /* Input.h */ = {isa = PBXFileReference; fileEncoding = 4; lastKnownFileType = sourcecode.c.h; name = Input.h; path = src/Input.h; sourceTree = "<group>"; };
		5A0035AF158FCF6D00B483F8 /* Loader.cpp */ = {isa = PBXFileReference; fileEncoding = 4; lastKnownFileType = sourcecode.cpp.cpp; name = Loader.cpp; path = src/Loader.cpp; sourceTree = "<group>"; };
		5A0035B0158FCF6D00B483F8 /* Loader.h */ = {isa = PBXFileReference; fileEncoding = 4; lastKnownFileType = sourcecode.c.h; name = Loader.h; path = src/Loader.h; sourceTree = "<group>"; };
		5A0035B1158FCF6D00B483F8 /* Mobile.cpp */ = {isa = PBXFileReference; fileEncoding = 4; lastKnownFileType = sourcecode.cpp.cpp; name = Mobile.cpp; path = src/Mobile.cpp; sourceTree = "<group>"; };
		5A0035B2158FCF6D00B483F8 /* Mobile.h */ = {isa = PBXFileReference; fileEncoding = 4; lastKnownFileType = sourcecode.c.h; name = Mobile.h; path = src/Mobile.h; sourceTree = "<group>"; };
		5A0035B3158FCF6D00B483F8 /* Render.cpp */ = {isa = PBXFileReference; fileEncoding = 4; lastKnownFileType = sourcecode.cpp.cpp; name = Render.cpp; path = src/Render.cpp; sourceTree = "<group>"; };
		5A0035B4158FCF6D00B483F8 /* Render.h */ = {isa = PBXFileReference; fileEncoding = 4; lastKnownFileType = sourcecode.c.h; name = Render.h; path = src/Render.h; sourceTree = "<group>"; };
		5A0035B7158FCF6D00B483F8 /* System.cpp */ = {isa = PBXFileReference; fileEncoding = 4; lastKnownFileType = sourcecode.cpp.cpp; name = System.cpp; path = src/System.cpp; sourceTree = "<group>"; };
		5A0035B8158FCF6D00B483F8 /* System.h */ = {isa = PBXFileReference; fileEncoding = 4; lastKnownFileType = sourcecode.c.h; name = System.h; path = src/System.h; sourceTree = "<group>"; };
		5A0035B9158FCF6D00B483F8 /* Transform.cpp */ = {isa = PBXFileReference; fileEncoding = 4; lastKnownFileType = sourcecode.cpp.cpp; name = Transform.cpp; path = src/Transform.cpp; sourceTree = "<group>"; };
		5A0035BA158FCF6D00B483F8 /* Transform.h */ = {isa = PBXFileReference; fileEncoding = 4; lastKnownFileType = sourcecode.c.h; name = Transform.h; path = src/Transform.h; sourceTree = "<group>"; };
		5A0035EA158FD2A300B483F8 /* smain.cpp */ = {isa = PBXFileReference; fileEncoding = 4; lastKnownFileType = sourcecode.cpp.cpp; name = smain.cpp; path = src/SFML/smain.cpp; sourceTree = "<group>"; };
		5A003619158FE10900B483F8 /* SFMLVisualText.cpp */ = {isa = PBXFileReference; fileEncoding = 4; lastKnownFileType = sourcecode.cpp.cpp; name = SFMLVisualText.cpp; path = src/SFML/SFMLVisualText.cpp; sourceTree = "<group>"; };
		5A00361A158FE10900B483F8 /* SFMLVisualText.h */ = {isa = PBXFileReference; fileEncoding = 4; lastKnownFileType = sourcecode.c.h; name = SFMLVisualText.h; path = src/SFML/SFMLVisualText.h; sourceTree = "<group>"; };
		5A0584FE1593D357003C67F6 /* FightSystem.cpp */ = {isa = PBXFileReference; fileEncoding = 4; lastKnownFileType = sourcecode.cpp.cpp; name = FightSystem.cpp; path = src/FightSystem.cpp; sourceTree = "<group>"; };
		5A0584FF1593D357003C67F6 /* FightSystem.h */ = {isa = PBXFileReference; fileEncoding = 4; lastKnownFileType = sourcecode.c.h; name = FightSystem.h; path = src/FightSystem.h; sourceTree = "<group>"; };
		5A0E1131159B72C700B253AB /* Animation.cpp */ = {isa = PBXFileReference; fileEncoding = 4; lastKnownFileType = sourcecode.cpp.cpp; name = Animation.cpp; path = src/Animation.cpp; sourceTree = "<group>"; };
		5A0E1132159B72C700B253AB /* Animation.h */ = {isa = PBXFileReference; fileEncoding = 4; lastKnownFileType = sourcecode.c.h; name = Animation.h; path = src/Animation.h; sourceTree = "<group>"; };
		5A0E1133159B72C700B253AB /* ComponentRegistry.cpp */ = {isa = PBXFileReference; fileEncoding = 4; lastKnownFileType = sourcecode.cpp.cpp; name = ComponentRegistry.cpp; path = src/ComponentRegistry.cpp; sourceTree = "<group>"; };
		5A0E1311159BA1A100B253AB /* Stats.cpp */ = {isa = PBXFileReference; fileEncoding = 4; lastKnownFileType = sourcecode.cpp.cpp; name = Stats.cpp; path = src/Stats.cpp; sourceTree = "<group>"; };
		5A0E14B8159BC3A900B253AB /* log.cpp */ = {isa = PBXFileReference; fileEncoding = 4; lastKnownFileType = sourcecode.cpp.cpp; name = log.cpp; path = src/log.cpp; sourceTree = "<group>"; };
		5A0E14B9159BC3A900B253AB /* log.h */ = {isa = PBXFileReference; fileEncoding = 4; lastKnownFileType = sourcecode.c.h; name = log.h; path = src/log.h; sourceTree = "<group>"; };
		5A0E14BB159BC3B800B253AB /* WrappedEntity.cpp */ = {isa = PBXFileReference; fileEncoding = 4; lastKnownFileType = sourcecode.cpp.cpp; name = WrappedEntity.cpp; path = src/WrappedEntity.cpp; sourceTree = "<group>"; };
		5A0E14BC159BC3B800B253AB /* WrappedEntity.h */ = {isa = PBXFileReference; fileEncoding = 4; lastKnownFileType = sourcecode.c.h; name = WrappedEntity.h; path = src/WrappedEntity.h; sourceTree = "<group>"; };
		5A13928215A056C3009F373F /* Camera.cpp */ = {isa = PBXFileReference; fileEncoding = 4; lastKnownFileType = sourcecode.cpp.cpp; name = Camera.cpp; path = src/Camera.cpp; sourceTree = "<group>"; };
		5A13928315A056C3009F373F /* Camera.h */ = {isa = PBXFileReference; fileEncoding = 4; lastKnownFileType = sourcecode.c.h; name = Camera.h; path = src/Camera.h; sourceTree = "<group>"; };
		5A13928415A056C3009F373F /* Movement.cpp */ = {isa = PBXFileReference; fileEncoding = 4; lastKnownFileType = sourcecode.cpp.cpp; name = Movement.cpp; path = src/Movement.cpp; sourceTree = "<group>"; };
		5A13928515A056C3009F373F /* Movement.h */ = {isa = PBXFileReference; fileEncoding = 4; lastKnownFileType = sourcecode.c.h; name = Movement.h; path = src/Movement.h; sourceTree = "<group>"; };
		5A13928615A056C3009F373F /* PythonComponents.cpp */ = {isa = PBXFileReference; fileEncoding = 4; lastKnownFileType = sourcecode.cpp.cpp; name = PythonComponents.cpp; path = src/PythonComponents.cpp; sourceTree = "<group>"; };
		5A13928715A056C3009F373F /* PythonComponents.h */ = {isa = PBXFileReference; fileEncoding = 4; lastKnownFileType = sourcecode.c.h; name = PythonComponents.h; path = src/PythonComponents.h; sourceTree = "<group>"; };
		5A13928815A056C3009F373F /* Utils.cpp */ = {isa = PBXFileReference; fileEncoding = 4; lastKnownFileType = sourcecode.cpp.cpp; name = Utils.cpp; path = src/Utils.cpp; sourceTree = "<group>"; };
		5A13928915A056C3009F373F /* Utils.h */ = {isa = PBXFileReference; fileEncoding = 4; lastKnownFileType = sourcecode.c.h; name = Utils.h; path = src/Utils.h; sourceTree = "<group>"; };
		5A1394F015A0B3F2009F373F /* SystemManager.h */ = {isa = PBXFileReference; fileEncoding = 4; lastKnownFileType = sourcecode.c.h; name = SystemManager.h; path = src/SystemManager.h; sourceTree = "<group>"; };
		5A1394F115A0B3F2009F373F /* SystemManager.cpp */ = {isa = PBXFileReference; fileEncoding = 4; lastKnownFileType = sourcecode.cpp.cpp; name = SystemManager.cpp; path = src/SystemManager.cpp; sourceTree = "<group>"; };
		5A2186B115977D4F00FF7E57 /* variant.h */ = {isa = PBXFileReference; fileEncoding = 4; lastKnownFileType = sourcecode.c.h; name = variant.h; path = src/variant.h; sourceTree = "<group>"; };
		5A22FC4215938DA100745D05 /* Python.framework */ = {isa = PBXFileReference; lastKnownFileType = wrapper.framework; name = Python.framework; path = /System/Library/Frameworks/Python.framework; sourceTree = "<absolute>"; };
		5A22FC4F1593902600745D05 /* tinystr.cpp */ = {isa = PBXFileReference; fileEncoding = 4; lastKnownFileType = sourcecode.cpp.cpp; name = tinystr.cpp; path = src/tinyxml/tinystr.cpp; sourceTree = "<group>"; };
		5A22FC501593902600745D05 /* tinystr.h */ = {isa = PBXFileReference; fileEncoding = 4; lastKnownFileType = sourcecode.c.h; name = tinystr.h; path = src/tinyxml/tinystr.h; sourceTree = "<group>"; };
		5A22FC511593902600745D05 /* tinyxml.cpp */ = {isa = PBXFileReference; fileEncoding = 4; lastKnownFileType = sourcecode.cpp.cpp; name = tinyxml.cpp; path = src/tinyxml/tinyxml.cpp; sourceTree = "<group>"; };
		5A22FC521593902600745D05 /* tinyxml.h */ = {isa = PBXFileReference; fileEncoding = 4; lastKnownFileType = sourcecode.c.h; name = tinyxml.h; path = src/tinyxml/tinyxml.h; sourceTree = "<group>"; };
		5A22FC531593902600745D05 /* tinyxmlerror.cpp */ = {isa = PBXFileReference; fileEncoding = 4; lastKnownFileType = sourcecode.cpp.cpp; name = tinyxmlerror.cpp; path = src/tinyxml/tinyxmlerror.cpp; sourceTree = "<group>"; };
		5A22FC541593902600745D05 /* tinyxmlparser.cpp */ = {isa = PBXFileReference; fileEncoding = 4; lastKnownFileType = sourcecode.cpp.cpp; name = tinyxmlparser.cpp; path = src/tinyxml/tinyxmlparser.cpp; sourceTree = "<group>"; };
		5A22FC5C1593BA5F00745D05 /* base64.cpp */ = {isa = PBXFileReference; fileEncoding = 4; lastKnownFileType = sourcecode.cpp.cpp; name = base64.cpp; path = src/TmxParser/base64.cpp; sourceTree = "<group>"; };
		5A22FC5D1593BA5F00745D05 /* base64.h */ = {isa = PBXFileReference; fileEncoding = 4; lastKnownFileType = sourcecode.c.h; name = base64.h; path = src/TmxParser/base64.h; sourceTree = "<group>"; };
		5A22FC5E1593BA5F00745D05 /* Tmx.h */ = {isa = PBXFileReference; fileEncoding = 4; lastKnownFileType = sourcecode.c.h; name = Tmx.h; path = src/TmxParser/Tmx.h; sourceTree = "<group>"; };
		5A22FC5F1593BA5F00745D05 /* TmxImage.cpp */ = {isa = PBXFileReference; fileEncoding = 4; lastKnownFileType = sourcecode.cpp.cpp; name = TmxImage.cpp; path = src/TmxParser/TmxImage.cpp; sourceTree = "<group>"; };
		5A22FC601593BA5F00745D05 /* TmxImage.h */ = {isa = PBXFileReference; fileEncoding = 4; lastKnownFileType = sourcecode.c.h; name = TmxImage.h; path = src/TmxParser/TmxImage.h; sourceTree = "<group>"; };
		5A22FC611593BA5F00745D05 /* TmxLayer.cpp */ = {isa = PBXFileReference; fileEncoding = 4; lastKnownFileType = sourcecode.cpp.cpp; name = TmxLayer.cpp; path = src/TmxParser/TmxLayer.cpp; sourceTree = "<group>"; };
		5A22FC621593BA5F00745D05 /* TmxLayer.h */ = {isa = PBXFileReference; fileEncoding = 4; lastKnownFileType = sourcecode.c.h; name = TmxLayer.h; path = src/TmxParser/TmxLayer.h; sourceTree = "<group>"; };
		5A22FC631593BA5F00745D05 /* TmxMap.cpp */ = {isa = PBXFileReference; fileEncoding = 4; lastKnownFileType = sourcecode.cpp.cpp; name = TmxMap.cpp; path = src/TmxParser/TmxMap.cpp; sourceTree = "<group>"; };
		5A22FC641593BA5F00745D05 /* TmxMap.h */ = {isa = PBXFileReference; fileEncoding = 4; lastKnownFileType = sourcecode.c.h; name = TmxMap.h; path = src/TmxParser/TmxMap.h; sourceTree = "<group>"; };
		5A22FC651593BA5F00745D05 /* TmxMapTile.h */ = {isa = PBXFileReference; fileEncoding = 4; lastKnownFileType = sourcecode.c.h; name = TmxMapTile.h; path = src/TmxParser/TmxMapTile.h; sourceTree = "<group>"; };
		5A22FC661593BA5F00745D05 /* TmxObject.cpp */ = {isa = PBXFileReference; fileEncoding = 4; lastKnownFileType = sourcecode.cpp.cpp; name = TmxObject.cpp; path = src/TmxParser/TmxObject.cpp; sourceTree = "<group>"; };
		5A22FC671593BA5F00745D05 /* TmxObject.h */ = {isa = PBXFileReference; fileEncoding = 4; lastKnownFileType = sourcecode.c.h; name = TmxObject.h; path = src/TmxParser/TmxObject.h; sourceTree = "<group>"; };
		5A22FC681593BA5F00745D05 /* TmxObjectGroup.cpp */ = {isa = PBXFileReference; fileEncoding = 4; lastKnownFileType = sourcecode.cpp.cpp; name = TmxObjectGroup.cpp; path = src/TmxParser/TmxObjectGroup.cpp; sourceTree = "<group>"; };
		5A22FC691593BA5F00745D05 /* TmxObjectGroup.h */ = {isa = PBXFileReference; fileEncoding = 4; lastKnownFileType = sourcecode.c.h; name = TmxObjectGroup.h; path = src/TmxParser/TmxObjectGroup.h; sourceTree = "<group>"; };
		5A22FC6B1593BA5F00745D05 /* TmxPoint.h */ = {isa = PBXFileReference; fileEncoding = 4; lastKnownFileType = sourcecode.c.h; name = TmxPoint.h; path = src/TmxParser/TmxPoint.h; sourceTree = "<group>"; };
		5A22FC6C1593BA5F00745D05 /* TmxPolygon.cpp */ = {isa = PBXFileReference; fileEncoding = 4; lastKnownFileType = sourcecode.cpp.cpp; name = TmxPolygon.cpp; path = src/TmxParser/TmxPolygon.cpp; sourceTree = "<group>"; };
		5A22FC6D1593BA5F00745D05 /* TmxPolygon.h */ = {isa = PBXFileReference; fileEncoding = 4; lastKnownFileType = sourcecode.c.h; name = TmxPolygon.h; path = src/TmxParser/TmxPolygon.h; sourceTree = "<group>"; };
		5A22FC6E1593BA5F00745D05 /* TmxPolyline.cpp */ = {isa = PBXFileReference; fileEncoding = 4; lastKnownFileType = sourcecode.cpp.cpp; name = TmxPolyline.cpp; path = src/TmxParser/TmxPolyline.cpp; sourceTree = "<group>"; };
		5A22FC6F1593BA5F00745D05 /* TmxPolyline.h */ = {isa = PBXFileReference; fileEncoding = 4; lastKnownFileType = sourcecode.c.h; name = TmxPolyline.h; path = src/TmxParser/TmxPolyline.h; sourceTree = "<group>"; };
		5A22FC701593BA5F00745D05 /* TmxPropertySet.cpp */ = {isa = PBXFileReference; fileEncoding = 4; lastKnownFileType = sourcecode.cpp.cpp; name = TmxPropertySet.cpp; path = src/TmxParser/TmxPropertySet.cpp; sourceTree = "<group>"; };
		5A22FC711593BA5F00745D05 /* TmxPropertySet.h */ = {isa = PBXFileReference; fileEncoding = 4; lastKnownFileType = sourcecode.c.h; name = TmxPropertySet.h; path = src/TmxParser/TmxPropertySet.h; sourceTree = "<group>"; };
		5A22FC721593BA5F00745D05 /* TmxTile.cpp */ = {isa = PBXFileReference; fileEncoding = 4; lastKnownFileType = sourcecode.cpp.cpp; name = TmxTile.cpp; path = src/TmxParser/TmxTile.cpp; sourceTree = "<group>"; };
		5A22FC731593BA5F00745D05 /* TmxTile.h */ = {isa = PBXFileReference; fileEncoding = 4; lastKnownFileType = sourcecode.c.h; name = TmxTile.h; path = src/TmxParser/TmxTile.h; sourceTree = "<group>"; };
		5A22FC741593BA5F00745D05 /* TmxTileset.cpp */ = {isa = PBXFileReference; fileEncoding = 4; lastKnownFileType = sourcecode.cpp.cpp; name = TmxTileset.cpp; path = src/TmxParser/TmxTileset.cpp; sourceTree = "<group>"; };
		5A22FC751593BA5F00745D05 /* TmxTileset.h */ = {isa = PBXFileReference; fileEncoding = 4; lastKnownFileType = sourcecode.c.h; name = TmxTileset.h; path = src/TmxParser/TmxTileset.h; sourceTree = "<group>"; };
		5A22FC761593BA5F00745D05 /* TmxUtil.cpp */ = {isa = PBXFileReference; fileEncoding = 4; lastKnownFileType = sourcecode.cpp.cpp; name = TmxUtil.cpp; path = src/TmxParser/TmxUtil.cpp; sourceTree = "<group>"; };
		5A22FC771593BA5F00745D05 /* TmxUtil.h */ = {isa = PBXFileReference; fileEncoding = 4; lastKnownFileType = sourcecode.c.h; name = TmxUtil.h; path = src/TmxParser/TmxUtil.h; sourceTree = "<group>"; };
		5A22FCA01593CD9000745D05 /* PythonTypes.cpp */ = {isa = PBXFileReference; fileEncoding = 4; lastKnownFileType = sourcecode.cpp.cpp; name = PythonTypes.cpp; path = src/PythonTypes.cpp; sourceTree = "<group>"; };
		5A22FCA11593CD9000745D05 /* PythonTypes.h */ = {isa = PBXFileReference; fileEncoding = 4; lastKnownFileType = sourcecode.c.h; name = PythonTypes.h; path = src/PythonTypes.h; sourceTree = "<group>"; };
		5A255473159CF3DC0032BBF8 /* TagEntityManager.cpp */ = {isa = PBXFileReference; fileEncoding = 4; lastKnownFileType = sourcecode.cpp.cpp; name = TagEntityManager.cpp; path = src/TagEntityManager.cpp; sourceTree = "<group>"; };
		5A255474159CF3DC0032BBF8 /* TagEntityManager.h */ = {isa = PBXFileReference; fileEncoding = 4; lastKnownFileType = sourcecode.c.h; name = TagEntityManager.h; path = src/TagEntityManager.h; sourceTree = "<group>"; };
		5A255486159CF55B0032BBF8 /* Singleton.h */ = {isa = PBXFileReference; fileEncoding = 4; lastKnownFileType = sourcecode.c.h; name = Singleton.h; path = src/Singleton.h; sourceTree = "<group>"; };
		5A2554C3159CFD8B0032BBF8 /* EntityBuilder.h */ = {isa = PBXFileReference; fileEncoding = 4; lastKnownFileType = sourcecode.c.h; name = EntityBuilder.h; path = src/EntityBuilder.h; sourceTree = "<group>"; };
		5A2554C4159CFD8B0032BBF8 /* EntityBuilder.cpp */ = {isa = PBXFileReference; fileEncoding = 4; lastKnownFileType = sourcecode.cpp.cpp; name = EntityBuilder.cpp; path = src/EntityBuilder.cpp; sourceTree = "<group>"; };
		5A2A2E851598DD8C009389E6 /* Stats.h */ = {isa = PBXFileReference; fileEncoding = 4; lastKnownFileType = sourcecode.c.h; name = Stats.h; path = src/Stats.h; sourceTree = "<group>"; };
		5A8920281592817A0088CDE0 /* Scriptable.cpp */ = {isa = PBXFileReference; fileEncoding = 4; lastKnownFileType = sourcecode.cpp.cpp; name = Scriptable.cpp; path = src/Scriptable.cpp; sourceTree = "<group>"; };
		5A8920291592817A0088CDE0 /* Scriptable.h */ = {isa = PBXFileReference; fileEncoding = 4; lastKnownFileType = sourcecode.c.h; name = Scriptable.h; path = src/Scriptable.h; sourceTree = "<group>"; };
		5A89202A1592817A0088CDE0 /* Scripting.cpp */ = {isa = PBXFileReference; fileEncoding = 4; lastKnownFileType = sourcecode.cpp.cpp; name = Scripting.cpp; path = src/Scripting.cpp; sourceTree = "<group>"; };
		5A89202B1592817A0088CDE0 /* Scripting.h */ = {isa = PBXFileReference; fileEncoding = 4; lastKnownFileType = sourcecode.c.h; name = Scripting.h; path = src/Scripting.h; sourceTree = "<group>"; };
		5ADCACEC1592692300E29849 /* SFMLResources.cpp */ = {isa = PBXFileReference; fileEncoding = 4; lastKnownFileType = sourcecode.cpp.cpp; name = SFMLResources.cpp; path = src/SFML/SFMLResources.cpp; sourceTree = "<group>"; };
		5ADCACED1592692300E29849 /* SFMLResources.h */ = {isa = PBXFileReference; fileEncoding = 4; lastKnownFileType = sourcecode.c.h; name = SFMLResources.h; path = src/SFML/SFMLResources.h; sourceTree = "<group>"; };
		5ADCACEE1592692300E29849 /* SFMLVisualContext.h */ = {isa = PBXFileReference; fileEncoding = 4; lastKnownFileType = sourcecode.c.h; name = SFMLVisualContext.h; path = src/SFML/SFMLVisualContext.h; sourceTree = "<group>"; };
		5ADCACEF1592692300E29849 /* SFMLVisualSprite.cpp */ = {isa = PBXFileReference; fileEncoding = 4; lastKnownFileType = sourcecode.cpp.cpp; name = SFMLVisualSprite.cpp; path = src/SFML/SFMLVisualSprite.cpp; sourceTree = "<group>"; };
		5ADCACF01592692300E29849 /* SFMLVisualSprite.h */ = {isa = PBXFileReference; fileEncoding = 4; lastKnownFileType = sourcecode.c.h; name = SFMLVisualSprite.h; path = src/SFML/SFMLVisualSprite.h; sourceTree = "<group>"; };
		5ADCACF31592693A00E29849 /* BVisual.cpp */ = {isa = PBXFileReference; fileEncoding = 4; lastKnownFileType = sourcecode.cpp.cpp; name = BVisual.cpp; path = src/BVisual.cpp; sourceTree = "<group>"; };
		5ADCACF41592693A00E29849 /* BVisual.h */ = {isa = PBXFileReference; fileEncoding = 4; lastKnownFileType = sourcecode.c.h; name = BVisual.h; path = src/BVisual.h; sourceTree = "<group>"; };
		5ADCACF51592693A00E29849 /* Inputs.cpp */ = {isa = PBXFileReference; fileEncoding = 4; lastKnownFileType = sourcecode.cpp.cpp; name = Inputs.cpp; path = src/Inputs.cpp; sourceTree = "<group>"; };
		5ADCACF61592693A00E29849 /* Inputs.h */ = {isa = PBXFileReference; fileEncoding = 4; lastKnownFileType = sourcecode.c.h; name = Inputs.h; path = src/Inputs.h; sourceTree = "<group>"; };
		5ADCACF71592693A00E29849 /* Resources.cpp */ = {isa = PBXFileReference; fileEncoding = 4; lastKnownFileType = sourcecode.cpp.cpp; name = Resources.cpp; path = src/Resources.cpp; sourceTree = "<group>"; };
		5ADCACF81592693A00E29849 /* Resources.h */ = {isa = PBXFileReference; fileEncoding = 4; lastKnownFileType = sourcecode.c.h; name = Resources.h; path = src/Resources.h; sourceTree = "<group>"; };
		5ADCACF91592693A00E29849 /* VisualContext.h */ = {isa = PBXFileReference; fileEncoding = 4; lastKnownFileType = sourcecode.c.h; name = VisualContext.h; path = src/VisualContext.h; sourceTree = "<group>"; };
		5AEA4BD615A236F100658BF8 /* Controller.cpp */ = {isa = PBXFileReference; fileEncoding = 4; lastKnownFileType = sourcecode.cpp.cpp; name = Controller.cpp; path = src/Controller.cpp; sourceTree = "<group>"; };
		5AEA4BD715A236F100658BF8 /* Controller.h */ = {isa = PBXFileReference; fileEncoding = 4; lastKnownFileType = sourcecode.c.h; name = Controller.h; path = src/Controller.h; sourceTree = "<group>"; };
		5AEA4BD815A236F100658BF8 /* HeroController.cpp */ = {isa = PBXFileReference; fileEncoding = 4; lastKnownFileType = sourcecode.cpp.cpp; name = HeroController.cpp; path = src/HeroController.cpp; sourceTree = "<group>"; };
		5AEA4BD915A236F100658BF8 /* HeroController.h */ = {isa = PBXFileReference; fileEncoding = 4; lastKnownFileType = sourcecode.c.h; name = HeroController.h; path = src/HeroController.h; sourceTree = "<group>"; };
		5AEA4BDC15A2372A00658BF8 /* SFMLInputState.cpp */ = {isa = PBXFileReference; fileEncoding = 4; lastKnownFileType = sourcecode.cpp.cpp; name = SFMLInputState.cpp; path = src/SFML/SFMLInputState.cpp; sourceTree = "<group>"; };
		5AEA4BDD15A2372A00658BF8 /* SFMLInputState.h */ = {isa = PBXFileReference; fileEncoding = 4; lastKnownFileType = sourcecode.c.h; name = SFMLInputState.h; path = src/SFML/SFMLInputState.h; sourceTree = "<group>"; };
		5AEA4BDF15A2373900658BF8 /* InputState.h */ = {isa = PBXFileReference; fileEncoding = 4; lastKnownFileType = sourcecode.c.h; name = InputState.h; path = src/InputState.h; sourceTree = "<group>"; };
		5AEA4BE615A23DF000658BF8 /* Main.h */ = {isa = PBXFileReference; fileEncoding = 4; lastKnownFileType = sourcecode.c.h; name = Main.h; path = src/Main.h; sourceTree = "<group>"; };
		5AEA4C0915A2428800658BF8 /* SystemFactory.h */ = {isa = PBXFileReference; fileEncoding = 4; lastKnownFileType = sourcecode.c.h; name = SystemFactory.h; path = src/SystemFactory.h; sourceTree = "<group>"; };
		5AEA4C0E15A2467800658BF8 /* SFMLSystemFactory.h */ = {isa = PBXFileReference; fileEncoding = 4; lastKnownFileType = sourcecode.c.h; name = SFMLSystemFactory.h; path = src/SFML/SFMLSystemFactory.h; sourceTree = "<group>"; };
		5AEA4C0F15A2467800658BF8 /* SFMLSystemFactory.cpp */ = {isa = PBXFileReference; fileEncoding = 4; lastKnownFileType = sourcecode.cpp.cpp; name = SFMLSystemFactory.cpp; path = src/SFML/SFMLSystemFactory.cpp; sourceTree = "<group>"; };
		5AEA4C3A15A2582D00658BF8 /* SystemFactory.cpp */ = {isa = PBXFileReference; fileEncoding = 4; lastKnownFileType = sourcecode.cpp.cpp; name = SystemFactory.cpp; path = src/SystemFactory.cpp; sourceTree = "<group>"; };
		A01FB6A90F07CF6E000AAC7B /* Chicken.app */ = {isa = PBXFileReference; explicitFileType = wrapper.application; includeInIndex = 0; path = Chicken.app; sourceTree = BUILT_PRODUCTS_DIR; };
		A01FB6AC0F07CF6E000AAC7B /* Info.plist */ = {isa = PBXFileReference; lastKnownFileType = text.plist.xml; path = Info.plist; sourceTree = "<group>"; };
		A01FB6CA0F07CFF2000AAC7B /* sfml-graphics.framework */ = {isa = PBXFileReference; lastKnownFileType = wrapper.framework; name = "sfml-graphics.framework"; path = "/Library/Frameworks/sfml-graphics.framework"; sourceTree = "<absolute>"; };
		A01FB6CB0F07CFF2000AAC7B /* sfml-system.framework */ = {isa = PBXFileReference; lastKnownFileType = wrapper.framework; name = "sfml-system.framework"; path = "/Library/Frameworks/sfml-system.framework"; sourceTree = "<absolute>"; };
		A01FB6CC0F07CFF2000AAC7B /* sfml-window.framework */ = {isa = PBXFileReference; lastKnownFileType = wrapper.framework; name = "sfml-window.framework"; path = "/Library/Frameworks/sfml-window.framework"; sourceTree = "<absolute>"; };
		A01FB6CD0F07CFF2000AAC7B /* SFML.framework */ = {isa = PBXFileReference; lastKnownFileType = wrapper.framework; name = SFML.framework; path = /Library/Frameworks/SFML.framework; sourceTree = "<absolute>"; };
/* End PBXFileReference section */

/* Begin PBXFrameworksBuildPhase section */
		A01FB6A70F07CF6E000AAC7B /* Frameworks */ = {
			isa = PBXFrameworksBuildPhase;
			buildActionMask = 2147483647;
			files = (
				A01FB6CE0F07CFF2000AAC7B /* sfml-graphics.framework in Frameworks */,
				A01FB6CF0F07CFF2000AAC7B /* sfml-system.framework in Frameworks */,
				A01FB6D00F07CFF2000AAC7B /* sfml-window.framework in Frameworks */,
				5A22FC4315938DA100745D05 /* Python.framework in Frameworks */,
			);
			runOnlyForDeploymentPostprocessing = 0;
		};
/* End PBXFrameworksBuildPhase section */

/* Begin PBXGroup section */
		5A00358D158FCF3900B483F8 /* Engine */ = {
			isa = PBXGroup;
			children = (
				5AEA4BE615A23DF000658BF8 /* Main.h */,
				5AEA4BDF15A2373900658BF8 /* InputState.h */,
				5A2554C3159CFD8B0032BBF8 /* EntityBuilder.h */,
				5A2554C4159CFD8B0032BBF8 /* EntityBuilder.cpp */,
				5A255474159CF3DC0032BBF8 /* TagEntityManager.h */,
				5A255473159CF3DC0032BBF8 /* TagEntityManager.cpp */,
				5A0035AB158FCF6D00B483F8 /* EntityManager.h */,
				5A0035AA158FCF6D00B483F8 /* EntityManager.cpp */,
				5A0035A9158FCF6D00B483F8 /* Entity.h */,
				5A0035A8158FCF6D00B483F8 /* Entity.cpp */,
				5A0E14BB159BC3B800B253AB /* WrappedEntity.cpp */,
				5A0E14BC159BC3B800B253AB /* WrappedEntity.h */,
				5ADCACF91592693A00E29849 /* VisualContext.h */,
				5A0035AC158FCF6D00B483F8 /* Image.h */,
				5A1394F015A0B3F2009F373F /* SystemManager.h */,
				5A1394F115A0B3F2009F373F /* SystemManager.cpp */,
				5AEA4C0915A2428800658BF8 /* SystemFactory.h */,
				5AEA4C3A15A2582D00658BF8 /* SystemFactory.cpp */,
			);
			name = Engine;
			sourceTree = "<group>";
		};
		5A00358E158FCF3F00B483F8 /* SFML */ = {
			isa = PBXGroup;
			children = (
				5AEA4C0E15A2467800658BF8 /* SFMLSystemFactory.h */,
				5AEA4C0F15A2467800658BF8 /* SFMLSystemFactory.cpp */,
				5AEA4BDC15A2372A00658BF8 /* SFMLInputState.cpp */,
				5AEA4BDD15A2372A00658BF8 /* SFMLInputState.h */,
				5ADCACEC1592692300E29849 /* SFMLResources.cpp */,
				5ADCACED1592692300E29849 /* SFMLResources.h */,
				5ADCACEE1592692300E29849 /* SFMLVisualContext.h */,
				5ADCACEF1592692300E29849 /* SFMLVisualSprite.cpp */,
				5ADCACF01592692300E29849 /* SFMLVisualSprite.h */,
				5A003619158FE10900B483F8 /* SFMLVisualText.cpp */,
				5A00361A158FE10900B483F8 /* SFMLVisualText.h */,
				5A0035EA158FD2A300B483F8 /* smain.cpp */,
				5A00358F158FCF5800B483F8 /* SFMLInputs.cpp */,
				5A003590158FCF5800B483F8 /* SFMLInputs.h */,
				5A003591158FCF5800B483F8 /* SFMLLoader.cpp */,
				5A003592158FCF5800B483F8 /* SFMLLoader.h */,
				5A003593158FCF5800B483F8 /* SFMLRender.cpp */,
				5A003594158FCF5800B483F8 /* SFMLRender.h */,
				5A003599158FCF5800B483F8 /* SFMLVisualImage.cpp */,
				5A00359A158FCF5800B483F8 /* SFMLVisualImage.h */,
			);
			name = SFML;
			sourceTree = "<group>";
		};
		5A1394ED15A0B25E009F373F /* System */ = {
			isa = PBXGroup;
			children = (
				5A0035AF158FCF6D00B483F8 /* Loader.cpp */,
				5A0035B0158FCF6D00B483F8 /* Loader.h */,
				5A0035B3158FCF6D00B483F8 /* Render.cpp */,
				5A0035B4158FCF6D00B483F8 /* Render.h */,
				5A0035B7158FCF6D00B483F8 /* System.cpp */,
				5A0035B8158FCF6D00B483F8 /* System.h */,
				5ADCACF51592693A00E29849 /* Inputs.cpp */,
				5ADCACF61592693A00E29849 /* Inputs.h */,
				5A89202A1592817A0088CDE0 /* Scripting.cpp */,
				5A89202B1592817A0088CDE0 /* Scripting.h */,
				5A13928415A056C3009F373F /* Movement.cpp */,
				5A13928515A056C3009F373F /* Movement.h */,
				5A0E1131159B72C700B253AB /* Animation.cpp */,
				5A0E1132159B72C700B253AB /* Animation.h */,
			);
			name = System;
			sourceTree = "<group>";
		};
		5A1394EE15A0B26A009F373F /* Components */ = {
			isa = PBXGroup;
			children = (
				5AEA4BD615A236F100658BF8 /* Controller.cpp */,
				5AEA4BD715A236F100658BF8 /* Controller.h */,
				5AEA4BD815A236F100658BF8 /* HeroController.cpp */,
				5AEA4BD915A236F100658BF8 /* HeroController.h */,
				5A2A2E851598DD8C009389E6 /* Stats.h */,
				5A0E1311159BA1A100B253AB /* Stats.cpp */,
				5A0035A7158FCF6D00B483F8 /* ComponentRegistry.h */,
				5A0E1133159B72C700B253AB /* ComponentRegistry.cpp */,
				5A0035B9158FCF6D00B483F8 /* Transform.cpp */,
				5A0035BA158FCF6D00B483F8 /* Transform.h */,
				5A0035AD158FCF6D00B483F8 /* Input.cpp */,
				5A0035AE158FCF6D00B483F8 /* Input.h */,
				5A0035B1158FCF6D00B483F8 /* Mobile.cpp */,
				5A0035B2158FCF6D00B483F8 /* Mobile.h */,
				5A0035A3158FCF6D00B483F8 /* Animated.cpp */,
				5A0035A4158FCF6D00B483F8 /* Animated.h */,
				5A0035A5158FCF6D00B483F8 /* Component.cpp */,
				5A0035A6158FCF6D00B483F8 /* Component.h */,
				5ADCACF31592693A00E29849 /* BVisual.cpp */,
				5ADCACF41592693A00E29849 /* BVisual.h */,
				5ADCACF81592693A00E29849 /* Resources.h */,
				5ADCACF71592693A00E29849 /* Resources.cpp */,
				5A8920281592817A0088CDE0 /* Scriptable.cpp */,
				5A8920291592817A0088CDE0 /* Scriptable.h */,
				5A13928215A056C3009F373F /* Camera.cpp */,
				5A13928315A056C3009F373F /* Camera.h */,
			);
			name = Components;
			sourceTree = "<group>";
		};
		5A1394EF15A0B35E009F373F /* Python */ = {
			isa = PBXGroup;
			children = (
				5A13928615A056C3009F373F /* PythonComponents.cpp */,
				5A13928715A056C3009F373F /* PythonComponents.h */,
				5A22FCA01593CD9000745D05 /* PythonTypes.cpp */,
				5A22FCA11593CD9000745D05 /* PythonTypes.h */,
			);
			name = Python;
			sourceTree = "<group>";
		};
		5A22FC5B1593BA4000745D05 /* Tmx */ = {
			isa = PBXGroup;
			children = (
				5A22FC5C1593BA5F00745D05 /* base64.cpp */,
				5A22FC5D1593BA5F00745D05 /* base64.h */,
				5A22FC5E1593BA5F00745D05 /* Tmx.h */,
				5A22FC5F1593BA5F00745D05 /* TmxImage.cpp */,
				5A22FC601593BA5F00745D05 /* TmxImage.h */,
				5A22FC611593BA5F00745D05 /* TmxLayer.cpp */,
				5A22FC621593BA5F00745D05 /* TmxLayer.h */,
				5A22FC631593BA5F00745D05 /* TmxMap.cpp */,
				5A22FC641593BA5F00745D05 /* TmxMap.h */,
				5A22FC651593BA5F00745D05 /* TmxMapTile.h */,
				5A22FC661593BA5F00745D05 /* TmxObject.cpp */,
				5A22FC671593BA5F00745D05 /* TmxObject.h */,
				5A22FC681593BA5F00745D05 /* TmxObjectGroup.cpp */,
				5A22FC691593BA5F00745D05 /* TmxObjectGroup.h */,
				5A22FC6B1593BA5F00745D05 /* TmxPoint.h */,
				5A22FC6C1593BA5F00745D05 /* TmxPolygon.cpp */,
				5A22FC6D1593BA5F00745D05 /* TmxPolygon.h */,
				5A22FC6E1593BA5F00745D05 /* TmxPolyline.cpp */,
				5A22FC6F1593BA5F00745D05 /* TmxPolyline.h */,
				5A22FC701593BA5F00745D05 /* TmxPropertySet.cpp */,
				5A22FC711593BA5F00745D05 /* TmxPropertySet.h */,
				5A22FC721593BA5F00745D05 /* TmxTile.cpp */,
				5A22FC731593BA5F00745D05 /* TmxTile.h */,
				5A22FC741593BA5F00745D05 /* TmxTileset.cpp */,
				5A22FC751593BA5F00745D05 /* TmxTileset.h */,
				5A22FC761593BA5F00745D05 /* TmxUtil.cpp */,
				5A22FC771593BA5F00745D05 /* TmxUtil.h */,
			);
			name = Tmx;
			sourceTree = "<group>";
		};
		5A22FC9C1593BC8200745D05 /* RoundFight */ = {
			isa = PBXGroup;
			children = (
				5A0584FF1593D357003C67F6 /* FightSystem.h */,
				5A0584FE1593D357003C67F6 /* FightSystem.cpp */,
			);
			name = RoundFight;
			sourceTree = "<group>";
		};
		5A25546C159CF3150032BBF8 /* Tools */ = {
			isa = PBXGroup;
			children = (
				5A13928815A056C3009F373F /* Utils.cpp */,
				5A13928915A056C3009F373F /* Utils.h */,
				5A2186B115977D4F00FF7E57 /* variant.h */,
				5A0E14B9159BC3A900B253AB /* log.h */,
				5A0E14B8159BC3A900B253AB /* log.cpp */,
				5A255486159CF55B0032BBF8 /* Singleton.h */,
			);
			name = Tools;
			sourceTree = "<group>";
		};
		5A8920141592805C0088CDE0 /* TinyXml */ = {
			isa = PBXGroup;
			children = (
				5A22FC4F1593902600745D05 /* tinystr.cpp */,
				5A22FC501593902600745D05 /* tinystr.h */,
				5A22FC511593902600745D05 /* tinyxml.cpp */,
				5A22FC521593902600745D05 /* tinyxml.h */,
				5A22FC531593902600745D05 /* tinyxmlerror.cpp */,
				5A22FC541593902600745D05 /* tinyxmlparser.cpp */,
			);
			name = TinyXml;
			sourceTree = "<group>";
		};
		A01FB69A0F07CF63000AAC7B = {
			isa = PBXGroup;
			children = (
				A01FB6B20F07CF80000AAC7B /* Sources */,
				A01FB6B10F07CF7C000AAC7B /* Resources */,
				A01FB6B00F07CF75000AAC7B /* Frameworks */,
				A01FB6AA0F07CF6E000AAC7B /* Products */,
			);
			sourceTree = "<group>";
		};
		A01FB6AA0F07CF6E000AAC7B /* Products */ = {
			isa = PBXGroup;
			children = (
				A01FB6A90F07CF6E000AAC7B /* Chicken.app */,
			);
			name = Products;
			sourceTree = "<group>";
		};
		A01FB6B00F07CF75000AAC7B /* Frameworks */ = {
			isa = PBXGroup;
			children = (
				5A22FC4215938DA100745D05 /* Python.framework */,
				A01FB6CD0F07CFF2000AAC7B /* SFML.framework */,
				A01FB6CB0F07CFF2000AAC7B /* sfml-system.framework */,
				A01FB6CC0F07CFF2000AAC7B /* sfml-window.framework */,
				A01FB6CA0F07CFF2000AAC7B /* sfml-graphics.framework */,
			);
			name = Frameworks;
			sourceTree = "<group>";
		};
		A01FB6B10F07CF7C000AAC7B /* Resources */ = {
			isa = PBXGroup;
			children = (
				A01FB6AC0F07CF6E000AAC7B /* Info.plist */,
			);
			name = Resources;
			sourceTree = "<group>";
		};
		A01FB6B20F07CF80000AAC7B /* Sources */ = {
			isa = PBXGroup;
			children = (
				5A1394EF15A0B35E009F373F /* Python */,
				5A1394EE15A0B26A009F373F /* Components */,
				5A1394ED15A0B25E009F373F /* System */,
				5A25546C159CF3150032BBF8 /* Tools */,
				5A22FC9C1593BC8200745D05 /* RoundFight */,
				5A22FC5B1593BA4000745D05 /* Tmx */,
				5A8920141592805C0088CDE0 /* TinyXml */,
				5A00358E158FCF3F00B483F8 /* SFML */,
				5A00358D158FCF3900B483F8 /* Engine */,
			);
			name = Sources;
			sourceTree = "<group>";
		};
/* End PBXGroup section */

/* Begin PBXNativeTarget section */
		A01FB6A80F07CF6E000AAC7B /* Chicken */ = {
			isa = PBXNativeTarget;
			buildConfigurationList = A01FB6AF0F07CF6F000AAC7B /* Build configuration list for PBXNativeTarget "Chicken" */;
			buildPhases = (
				A01FB6A50F07CF6E000AAC7B /* Resources */,
				A01FB6A60F07CF6E000AAC7B /* Sources */,
				A01FB6A70F07CF6E000AAC7B /* Frameworks */,
				A0072AF00F1D0EDD00B4A594 /* Copy Frameworks */,
				5A0E14E4159BC72C00B253AB /* ShellScript */,
			);
			buildRules = (
			);
			dependencies = (
			);
			name = Chicken;
			productName = Chicken;
			productReference = A01FB6A90F07CF6E000AAC7B /* Chicken.app */;
			productType = "com.apple.product-type.application";
		};
/* End PBXNativeTarget section */

/* Begin PBXProject section */
		A01FB69C0F07CF63000AAC7B /* Project object */ = {
			isa = PBXProject;
			buildConfigurationList = A01FB69F0F07CF63000AAC7B /* Build configuration list for PBXProject "Chicken" */;
			compatibilityVersion = "Xcode 2.4";
			developmentRegion = English;
			hasScannedForEncodings = 0;
			knownRegions = (
				English,
				Japanese,
				French,
				German,
			);
			mainGroup = A01FB69A0F07CF63000AAC7B;
			productRefGroup = A01FB6AA0F07CF6E000AAC7B /* Products */;
			projectDirPath = "";
			projectRoot = "";
			targets = (
				A01FB6A80F07CF6E000AAC7B /* Chicken */,
			);
		};
/* End PBXProject section */

/* Begin PBXResourcesBuildPhase section */
		A01FB6A50F07CF6E000AAC7B /* Resources */ = {
			isa = PBXResourcesBuildPhase;
			buildActionMask = 2147483647;
			files = (
			);
			runOnlyForDeploymentPostprocessing = 0;
		};
/* End PBXResourcesBuildPhase section */

/* Begin PBXShellScriptBuildPhase section */
		5A0E14E4159BC72C00B253AB /* ShellScript */ = {
			isa = PBXShellScriptBuildPhase;
			buildActionMask = 2147483647;
			files = (
			);
			inputPaths = (
			);
			outputPaths = (
			);
			runOnlyForDeploymentPostprocessing = 0;
			shellPath = /bin/sh;
			shellScript = "echo delete ../Bin/build/${CONFIGURATION}/${EXECUTABLE_NAME}.app/Contents/resources/resources\nif [ -d ../Bin/build/${CONFIGURATION}/${EXECUTABLE_NAME}.app/Contents/resources ]; then   \n\trm -r ../Bin/build/${CONFIGURATION}/${EXECUTABLE_NAME}.app/Contents/resources\nfi\n\necho create ../Bin/build/${CONFIGURATION}/${EXECUTABLE_NAME}.app/Contents/resources/resources\nmkdir ../Bin/build/${CONFIGURATION}/${EXECUTABLE_NAME}.app/Contents/resources \nmkdir ../Bin/build/${CONFIGURATION}/${EXECUTABLE_NAME}.app/Contents/resources/resources\n\necho copy resources\ncp -R ./resources/* ../Bin/build/${CONFIGURATION}/${EXECUTABLE_NAME}.app/Contents/resources/resources\n\n#cp ./*.py ../Bin/build/${CONFIGURATION}/${EXECUTABLE_NAME}.app/Contents/resources\n\n\n\n";
		};
/* End PBXShellScriptBuildPhase section */

/* Begin PBXSourcesBuildPhase section */
		A01FB6A60F07CF6E000AAC7B /* Sources */ = {
			isa = PBXSourcesBuildPhase;
			buildActionMask = 2147483647;
			files = (
				5A00359C158FCF5800B483F8 /* SFMLInputs.cpp in Sources */,
				5A00359D158FCF5800B483F8 /* SFMLLoader.cpp in Sources */,
				5A00359E158FCF5800B483F8 /* SFMLRender.cpp in Sources */,
				5A0035A1158FCF5800B483F8 /* SFMLVisualImage.cpp in Sources */,
				5A0035BD158FCF6D00B483F8 /* Animated.cpp in Sources */,
				5A0035BE158FCF6D00B483F8 /* Component.cpp in Sources */,
				5A0035BF158FCF6D00B483F8 /* Entity.cpp in Sources */,
				5A0035C0158FCF6D00B483F8 /* EntityManager.cpp in Sources */,
				5A0035C1158FCF6D00B483F8 /* Input.cpp in Sources */,
				5A0035C2158FCF6D00B483F8 /* Loader.cpp in Sources */,
				5A0035C3158FCF6D00B483F8 /* Mobile.cpp in Sources */,
				5A0035C4158FCF6D00B483F8 /* Render.cpp in Sources */,
				5A0035C6158FCF6D00B483F8 /* System.cpp in Sources */,
				5A0035C7158FCF6D00B483F8 /* Transform.cpp in Sources */,
				5A0035EB158FD2A300B483F8 /* smain.cpp in Sources */,
				5A00361B158FE10900B483F8 /* SFMLVisualText.cpp in Sources */,
				5ADCACF11592692300E29849 /* SFMLResources.cpp in Sources */,
				5ADCACF21592692300E29849 /* SFMLVisualSprite.cpp in Sources */,
				5ADCACFA1592693A00E29849 /* BVisual.cpp in Sources */,
				5ADCACFB1592693A00E29849 /* Inputs.cpp in Sources */,
				5ADCACFC1592693A00E29849 /* Resources.cpp in Sources */,
				5A89202C1592817A0088CDE0 /* Scriptable.cpp in Sources */,
				5A89202D1592817A0088CDE0 /* Scripting.cpp in Sources */,
				5A22FC551593902600745D05 /* tinystr.cpp in Sources */,
				5A22FC561593902600745D05 /* tinyxml.cpp in Sources */,
				5A22FC571593902600745D05 /* tinyxmlerror.cpp in Sources */,
				5A22FC581593902600745D05 /* tinyxmlparser.cpp in Sources */,
				5A22FC781593BA5F00745D05 /* base64.cpp in Sources */,
				5A22FC791593BA5F00745D05 /* TmxImage.cpp in Sources */,
				5A22FC7A1593BA5F00745D05 /* TmxLayer.cpp in Sources */,
				5A22FC7B1593BA5F00745D05 /* TmxMap.cpp in Sources */,
				5A22FC7C1593BA5F00745D05 /* TmxObject.cpp in Sources */,
				5A22FC7D1593BA5F00745D05 /* TmxObjectGroup.cpp in Sources */,
				5A22FC7F1593BA5F00745D05 /* TmxPolygon.cpp in Sources */,
				5A22FC801593BA5F00745D05 /* TmxPolyline.cpp in Sources */,
				5A22FC811593BA5F00745D05 /* TmxPropertySet.cpp in Sources */,
				5A22FC821593BA5F00745D05 /* TmxTile.cpp in Sources */,
				5A22FC831593BA5F00745D05 /* TmxTileset.cpp in Sources */,
				5A22FC841593BA5F00745D05 /* TmxUtil.cpp in Sources */,
				5A22FCA21593CD9000745D05 /* PythonTypes.cpp in Sources */,
				5A0585001593D357003C67F6 /* FightSystem.cpp in Sources */,
				5A0E1134159B72C700B253AB /* Animation.cpp in Sources */,
				5A0E1135159B72C700B253AB /* ComponentRegistry.cpp in Sources */,
				5A0E1312159BA1A100B253AB /* Stats.cpp in Sources */,
				5A0E14BA159BC3A900B253AB /* log.cpp in Sources */,
				5A0E14BD159BC3B800B253AB /* WrappedEntity.cpp in Sources */,
				5A255475159CF3DC0032BBF8 /* TagEntityManager.cpp in Sources */,
				5A2554C5159CFD8B0032BBF8 /* EntityBuilder.cpp in Sources */,
				5A13928A15A056C3009F373F /* Camera.cpp in Sources */,
				5A13928B15A056C3009F373F /* Movement.cpp in Sources */,
				5A13928C15A056C3009F373F /* PythonComponents.cpp in Sources */,
				5A13928D15A056C3009F373F /* Utils.cpp in Sources */,
				5A1394F215A0B3F2009F373F /* SystemManager.cpp in Sources */,
				5AEA4BDA15A236F100658BF8 /* Controller.cpp in Sources */,
				5AEA4BDB15A236F100658BF8 /* HeroController.cpp in Sources */,
				5AEA4BDE15A2372A00658BF8 /* SFMLInputState.cpp in Sources */,
				5AEA4C1015A2467800658BF8 /* SFMLSystemFactory.cpp in Sources */,
				5AEA4C3B15A2582D00658BF8 /* SystemFactory.cpp in Sources */,
			);
			runOnlyForDeploymentPostprocessing = 0;
		};
/* End PBXSourcesBuildPhase section */

/* Begin XCBuildConfiguration section */
		A01FB69D0F07CF63000AAC7B /* Debug */ = {
			isa = XCBuildConfiguration;
			buildSettings = {
				COPY_PHASE_STRIP = NO;
				FRAMEWORK_SEARCH_PATHS = ./src;
				GCC_PREPROCESSOR_DEFINITIONS = TIXML_USE_STL;
				HEADER_SEARCH_PATHS = (
					./src/tinyxml,
					/usr/include/python2.6,
					./src,
				);
				LIBRARY_SEARCH_PATHS = (
					/usr/lib/python2.6,
					./src,
				);
				PRIVATE_HEADERS_FOLDER_PATH = "";
				PUBLIC_HEADERS_FOLDER_PATH = "";
				REZ_SEARCH_PATHS = ./src;
				SCAN_ALL_SOURCE_FILES_FOR_INCLUDES = YES;
				SYMROOT = ../../Bin/build;
				USER_HEADER_SEARCH_PATHS = "";
			};
			name = Debug;
		};
		A01FB69E0F07CF63000AAC7B /* Release */ = {
			isa = XCBuildConfiguration;
			buildSettings = {
				COPY_PHASE_STRIP = YES;
			};
			name = Release;
		};
		A01FB6AD0F07CF6F000AAC7B /* Debug */ = {
			isa = XCBuildConfiguration;
			buildSettings = {
				ALWAYS_SEARCH_USER_PATHS = NO;
				COPY_PHASE_STRIP = NO;
				GCC_DYNAMIC_NO_PIC = NO;
				GCC_ENABLE_FIX_AND_CONTINUE = YES;
				GCC_MODEL_TUNING = G5;
				GCC_OPTIMIZATION_LEVEL = 0;
				INFOPLIST_FILE = Info.plist;
				INSTALL_PATH = "$(HOME)/Applications";
				PREBINDING = NO;
				PRODUCT_NAME = Chicken;
				SYMROOT = ../Bin/build;
			};
			name = Debug;
		};
		A01FB6AE0F07CF6F000AAC7B /* Release */ = {
			isa = XCBuildConfiguration;
			buildSettings = {
				ALWAYS_SEARCH_USER_PATHS = NO;
				COPY_PHASE_STRIP = YES;
				DEBUG_INFORMATION_FORMAT = "dwarf-with-dsym";
				GCC_ENABLE_FIX_AND_CONTINUE = NO;
				GCC_MODEL_TUNING = G5;
				INFOPLIST_FILE = Info.plist;
				INSTALL_PATH = "$(HOME)/Applications";
				PREBINDING = NO;
				PRODUCT_NAME = Chicken;
				ZERO_LINK = NO;
			};
			name = Release;
		};
/* End XCBuildConfiguration section */

/* Begin XCConfigurationList section */
		A01FB69F0F07CF63000AAC7B /* Build configuration list for PBXProject "Chicken" */ = {
			isa = XCConfigurationList;
			buildConfigurations = (
				A01FB69D0F07CF63000AAC7B /* Debug */,
				A01FB69E0F07CF63000AAC7B /* Release */,
			);
			defaultConfigurationIsVisible = 0;
			defaultConfigurationName = Release;
		};
		A01FB6AF0F07CF6F000AAC7B /* Build configuration list for PBXNativeTarget "Chicken" */ = {
			isa = XCConfigurationList;
			buildConfigurations = (
				A01FB6AD0F07CF6F000AAC7B /* Debug */,
				A01FB6AE0F07CF6F000AAC7B /* Release */,
			);
			defaultConfigurationIsVisible = 0;
			defaultConfigurationName = Release;
		};
/* End XCConfigurationList section */
	};
	rootObject = A01FB69C0F07CF63000AAC7B /* Project object */;
}
